
Microsoft Visual Studio Solution File, Format Version 12.00
# Visual Studio Version 18
VisualStudioVersion = 18.2.11430.68 d18.0
MinimumVisualStudioVersion = 10.0.40219.1
Project("{FAE04EC0-301F-11D3-BF4B-00C04F79EFBC}") = "AnqIntegrationApi", "AnqIntegrationApi.csproj", "{7C39E34B-8081-45C9-B9E3-91198B795834}"
EndProject
Project("{FAE04EC0-301F-11D3-BF4B-00C04F79EFBC}") = "BrevoApiHelpers", "BrevoApiHelpers\BrevoApiHelpers.csproj", "{88908E12-CCD2-350D-1C63-8AC2A00CF89F}"
EndProject
Global
	GlobalSection(SolutionConfigurationPlatforms) = preSolution
		Debug|Any CPU = Debug|Any CPU
		Release|Any CPU = Release|Any CPU
	EndGlobalSection
	GlobalSection(ProjectConfigurationPlatforms) = postSolution
		{7C39E34B-8081-45C9-B9E3-91198B795834}.Debug|Any CPU.ActiveCfg = Debug|Any CPU
		{7C39E34B-8081-45C9-B9E3-91198B795834}.Debug|Any CPU.Build.0 = Debug|Any CPU
		{7C39E34B-8081-45C9-B9E3-91198B795834}.Release|Any CPU.ActiveCfg = Release|Any CPU
		{7C39E34B-8081-45C9-B9E3-91198B795834}.Release|Any CPU.Build.0 = Release|Any CPU
		{88908E12-CCD2-350D-1C63-8AC2A00CF89F}.Debug|Any CPU.ActiveCfg = Debug|Any CPU
		{88908E12-CCD2-350D-1C63-8AC2A00CF89F}.Debug|Any CPU.Build.0 = Debug|Any CPU
		{88908E12-CCD2-350D-1C63-8AC2A00CF89F}.Release|Any CPU.ActiveCfg = Release|Any CPU
		{88908E12-CCD2-350D-1C63-8AC2A00CF89F}.Release|Any CPU.Build.0 = Release|Any CPU
	EndGlobalSection
	GlobalSection(SolutionProperties) = preSolution
		HideSolutionNode = FALSE
	EndGlobalSection
	GlobalSection(ExtensibilityGlobals) = postSolution
		SolutionGuid = {A1B48170-C577-43C6-AD32-4C44834314FF}
	EndGlobalSection
EndGlobal
